// !$*UTF8*$!
{
	archiveVersion = 1;
	classes = {
	};
	objectVersion = 46;
	objects = {

/* Begin PBXBuildFile section */
		137740D72052E9C20072A3E7 /* AppDelegate.swift in Sources */ = {isa = PBXBuildFile; fileRef = 137740D62052E9C20072A3E7 /* AppDelegate.swift */; };
		137740D92052E9C20072A3E7 /* MapController.swift in Sources */ = {isa = PBXBuildFile; fileRef = 137740D82052E9C20072A3E7 /* MapController.swift */; };
		137740DC2052E9C20072A3E7 /* MapScreen.storyboard in Resources */ = {isa = PBXBuildFile; fileRef = 137740DA2052E9C20072A3E7 /* MapScreen.storyboard */; };
		137740DE2052E9C20072A3E7 /* Assets.xcassets in Resources */ = {isa = PBXBuildFile; fileRef = 137740DD2052E9C20072A3E7 /* Assets.xcassets */; };
		137740E12052E9C20072A3E7 /* LaunchScreen.storyboard in Resources */ = {isa = PBXBuildFile; fileRef = 137740DF2052E9C20072A3E7 /* LaunchScreen.storyboard */; };
		137740EC2052E9C20072A3E7 /* NotYourBusinessTests.swift in Sources */ = {isa = PBXBuildFile; fileRef = 137740EB2052E9C20072A3E7 /* NotYourBusinessTests.swift */; };
		137740F72052E9C20072A3E7 /* NotYourBusinessUITests.swift in Sources */ = {isa = PBXBuildFile; fileRef = 137740F62052E9C20072A3E7 /* NotYourBusinessUITests.swift */; };
		137741052052F0080072A3E7 /* GoogleMapsBase.framework in Frameworks */ = {isa = PBXBuildFile; fileRef = 137741042052F0080072A3E7 /* GoogleMapsBase.framework */; };
		137741082052F05D0072A3E7 /* GoogleMaps.framework in Frameworks */ = {isa = PBXBuildFile; fileRef = 137741062052F05D0072A3E7 /* GoogleMaps.framework */; };
		137741092052F05D0072A3E7 /* GoogleMapsCore.framework in Frameworks */ = {isa = PBXBuildFile; fileRef = 137741072052F05D0072A3E7 /* GoogleMapsCore.framework */; };
		1377410B2052F0910072A3E7 /* GoogleMaps.bundle in Resources */ = {isa = PBXBuildFile; fileRef = 1377410A2052F0910072A3E7 /* GoogleMaps.bundle */; };
		1377410E2052F1170072A3E7 /* Accelerate.framework in Frameworks */ = {isa = PBXBuildFile; fileRef = 1377410D2052F1170072A3E7 /* Accelerate.framework */; };
		137741102052F11E0072A3E7 /* CoreData.framework in Frameworks */ = {isa = PBXBuildFile; fileRef = 1377410F2052F11E0072A3E7 /* CoreData.framework */; };
		137741122052F1240072A3E7 /* CoreGraphics.framework in Frameworks */ = {isa = PBXBuildFile; fileRef = 137741112052F1240072A3E7 /* CoreGraphics.framework */; };
		137741142052F12A0072A3E7 /* CoreImage.framework in Frameworks */ = {isa = PBXBuildFile; fileRef = 137741132052F12A0072A3E7 /* CoreImage.framework */; };
		137741162052F1300072A3E7 /* CoreLocation.framework in Frameworks */ = {isa = PBXBuildFile; fileRef = 137741152052F1300072A3E7 /* CoreLocation.framework */; };
		137741182052F1360072A3E7 /* CoreTelephony.framework in Frameworks */ = {isa = PBXBuildFile; fileRef = 137741172052F1360072A3E7 /* CoreTelephony.framework */; };
		1377411A2052F13D0072A3E7 /* CoreText.framework in Frameworks */ = {isa = PBXBuildFile; fileRef = 137741192052F13D0072A3E7 /* CoreText.framework */; };
		1377411C2052F1440072A3E7 /* GLKit.framework in Frameworks */ = {isa = PBXBuildFile; fileRef = 1377411B2052F1440072A3E7 /* GLKit.framework */; };
		1377411E2052F1490072A3E7 /* ImageIO.framework in Frameworks */ = {isa = PBXBuildFile; fileRef = 1377411D2052F1490072A3E7 /* ImageIO.framework */; };
		137741202052F1530072A3E7 /* libc++.tbd in Frameworks */ = {isa = PBXBuildFile; fileRef = 1377411F2052F1530072A3E7 /* libc++.tbd */; };
		137741222052F1590072A3E7 /* libz.tbd in Frameworks */ = {isa = PBXBuildFile; fileRef = 137741212052F1590072A3E7 /* libz.tbd */; };
		137741242052F1600072A3E7 /* OpenGLES.framework in Frameworks */ = {isa = PBXBuildFile; fileRef = 137741232052F1600072A3E7 /* OpenGLES.framework */; };
		137741262052F1680072A3E7 /* QuartzCore.framework in Frameworks */ = {isa = PBXBuildFile; fileRef = 137741252052F1680072A3E7 /* QuartzCore.framework */; };
		137741282052F1730072A3E7 /* SystemConfiguration.framework in Frameworks */ = {isa = PBXBuildFile; fileRef = 137741272052F1730072A3E7 /* SystemConfiguration.framework */; };
		1377412A2052F1790072A3E7 /* UIKit.framework in Frameworks */ = {isa = PBXBuildFile; fileRef = 137741292052F1790072A3E7 /* UIKit.framework */; };
		13AF878C2088EFD000E18211 /* style.json in Resources */ = {isa = PBXBuildFile; fileRef = 13AF878B2088EFD000E18211 /* style.json */; };
		DF5AA60C208B70D70068BA02 /* TutorialController.swift in Sources */ = {isa = PBXBuildFile; fileRef = DF5AA60B208B70D70068BA02 /* TutorialController.swift */; };
		DFCD6B28208A1EF500342345 /* MenuScreen.storyboard in Resources */ = {isa = PBXBuildFile; fileRef = DFCD6B27208A1EF500342345 /* MenuScreen.storyboard */; };
		DFEDC529208A41DC00523541 /* TutorialScreen.storyboard in Resources */ = {isa = PBXBuildFile; fileRef = DFEDC528208A41DC00523541 /* TutorialScreen.storyboard */; };
		E70CC825208E8C00004F4CDE /* IndicateLabel.swift in Sources */ = {isa = PBXBuildFile; fileRef = E70CC824208E8C00004F4CDE /* IndicateLabel.swift */; };
		E7A7F5F9208B6BF0001233FD /* AnimatedBarView.swift in Sources */ = {isa = PBXBuildFile; fileRef = E7A7F5F8208B6BF0001233FD /* AnimatedBarView.swift */; };
		E7B4586D208A074200CCC6E6 /* PushButton.swift in Sources */ = {isa = PBXBuildFile; fileRef = E7B4586C208A074200CCC6E6 /* PushButton.swift */; };
		E7B4587C208A16B800CCC6E6 /* HackController.swift in Sources */ = {isa = PBXBuildFile; fileRef = E7B4587B208A16B800CCC6E6 /* HackController.swift */; };
		E7DF3D7E2091E973004D15DA /* HackBackground.swift in Sources */ = {isa = PBXBuildFile; fileRef = E7DF3D7D2091E973004D15DA /* HackBackground.swift */; };
/* End PBXBuildFile section */

/* Begin PBXContainerItemProxy section */
		137740E82052E9C20072A3E7 /* PBXContainerItemProxy */ = {
			isa = PBXContainerItemProxy;
			containerPortal = 137740CB2052E9C10072A3E7 /* Project object */;
			proxyType = 1;
			remoteGlobalIDString = 137740D22052E9C10072A3E7;
			remoteInfo = NotYourBusiness;
		};
		137740F32052E9C20072A3E7 /* PBXContainerItemProxy */ = {
			isa = PBXContainerItemProxy;
			containerPortal = 137740CB2052E9C10072A3E7 /* Project object */;
			proxyType = 1;
			remoteGlobalIDString = 137740D22052E9C10072A3E7;
			remoteInfo = NotYourBusiness;
		};
/* End PBXContainerItemProxy section */

/* Begin PBXFileReference section */
		137740D32052E9C10072A3E7 /* NotYourBusiness.app */ = {isa = PBXFileReference; explicitFileType = wrapper.application; includeInIndex = 0; path = NotYourBusiness.app; sourceTree = BUILT_PRODUCTS_DIR; };
		137740D62052E9C20072A3E7 /* AppDelegate.swift */ = {isa = PBXFileReference; lastKnownFileType = sourcecode.swift; path = AppDelegate.swift; sourceTree = "<group>"; };
		137740D82052E9C20072A3E7 /* MapController.swift */ = {isa = PBXFileReference; lastKnownFileType = sourcecode.swift; path = MapController.swift; sourceTree = "<group>"; };
		137740DB2052E9C20072A3E7 /* Base */ = {isa = PBXFileReference; lastKnownFileType = file.storyboard; name = Base; path = Base.lproj/MapScreen.storyboard; sourceTree = "<group>"; };
		137740DD2052E9C20072A3E7 /* Assets.xcassets */ = {isa = PBXFileReference; lastKnownFileType = folder.assetcatalog; path = Assets.xcassets; sourceTree = "<group>"; };
		137740E02052E9C20072A3E7 /* Base */ = {isa = PBXFileReference; lastKnownFileType = file.storyboard; name = Base; path = Base.lproj/LaunchScreen.storyboard; sourceTree = "<group>"; };
		137740E22052E9C20072A3E7 /* Info.plist */ = {isa = PBXFileReference; lastKnownFileType = text.plist.xml; path = Info.plist; sourceTree = "<group>"; };
		137740E72052E9C20072A3E7 /* NotYourBusinessTests.xctest */ = {isa = PBXFileReference; explicitFileType = wrapper.cfbundle; includeInIndex = 0; path = NotYourBusinessTests.xctest; sourceTree = BUILT_PRODUCTS_DIR; };
		137740EB2052E9C20072A3E7 /* NotYourBusinessTests.swift */ = {isa = PBXFileReference; lastKnownFileType = sourcecode.swift; path = NotYourBusinessTests.swift; sourceTree = "<group>"; };
		137740ED2052E9C20072A3E7 /* Info.plist */ = {isa = PBXFileReference; lastKnownFileType = text.plist.xml; path = Info.plist; sourceTree = "<group>"; };
		137740F22052E9C20072A3E7 /* NotYourBusinessUITests.xctest */ = {isa = PBXFileReference; explicitFileType = wrapper.cfbundle; includeInIndex = 0; path = NotYourBusinessUITests.xctest; sourceTree = BUILT_PRODUCTS_DIR; };
		137740F62052E9C20072A3E7 /* NotYourBusinessUITests.swift */ = {isa = PBXFileReference; lastKnownFileType = sourcecode.swift; path = NotYourBusinessUITests.swift; sourceTree = "<group>"; };
		137740F82052E9C20072A3E7 /* Info.plist */ = {isa = PBXFileReference; lastKnownFileType = text.plist.xml; path = Info.plist; sourceTree = "<group>"; };
		137741042052F0080072A3E7 /* GoogleMapsBase.framework */ = {isa = PBXFileReference; lastKnownFileType = wrapper.framework; path = GoogleMapsBase.framework; sourceTree = "<group>"; };
		137741062052F05D0072A3E7 /* GoogleMaps.framework */ = {isa = PBXFileReference; lastKnownFileType = wrapper.framework; path = GoogleMaps.framework; sourceTree = "<group>"; };
		137741072052F05D0072A3E7 /* GoogleMapsCore.framework */ = {isa = PBXFileReference; lastKnownFileType = wrapper.framework; path = GoogleMapsCore.framework; sourceTree = "<group>"; };
		1377410A2052F0910072A3E7 /* GoogleMaps.bundle */ = {isa = PBXFileReference; lastKnownFileType = "wrapper.plug-in"; name = GoogleMaps.bundle; path = GoogleMaps.framework/Resources/GoogleMaps.bundle; sourceTree = "<group>"; };
		1377410D2052F1170072A3E7 /* Accelerate.framework */ = {isa = PBXFileReference; lastKnownFileType = wrapper.framework; name = Accelerate.framework; path = System/Library/Frameworks/Accelerate.framework; sourceTree = SDKROOT; };
		1377410F2052F11E0072A3E7 /* CoreData.framework */ = {isa = PBXFileReference; lastKnownFileType = wrapper.framework; name = CoreData.framework; path = System/Library/Frameworks/CoreData.framework; sourceTree = SDKROOT; };
		137741112052F1240072A3E7 /* CoreGraphics.framework */ = {isa = PBXFileReference; lastKnownFileType = wrapper.framework; name = CoreGraphics.framework; path = System/Library/Frameworks/CoreGraphics.framework; sourceTree = SDKROOT; };
		137741132052F12A0072A3E7 /* CoreImage.framework */ = {isa = PBXFileReference; lastKnownFileType = wrapper.framework; name = CoreImage.framework; path = System/Library/Frameworks/CoreImage.framework; sourceTree = SDKROOT; };
		137741152052F1300072A3E7 /* CoreLocation.framework */ = {isa = PBXFileReference; lastKnownFileType = wrapper.framework; name = CoreLocation.framework; path = System/Library/Frameworks/CoreLocation.framework; sourceTree = SDKROOT; };
		137741172052F1360072A3E7 /* CoreTelephony.framework */ = {isa = PBXFileReference; lastKnownFileType = wrapper.framework; name = CoreTelephony.framework; path = System/Library/Frameworks/CoreTelephony.framework; sourceTree = SDKROOT; };
		137741192052F13D0072A3E7 /* CoreText.framework */ = {isa = PBXFileReference; lastKnownFileType = wrapper.framework; name = CoreText.framework; path = System/Library/Frameworks/CoreText.framework; sourceTree = SDKROOT; };
		1377411B2052F1440072A3E7 /* GLKit.framework */ = {isa = PBXFileReference; lastKnownFileType = wrapper.framework; name = GLKit.framework; path = System/Library/Frameworks/GLKit.framework; sourceTree = SDKROOT; };
		1377411D2052F1490072A3E7 /* ImageIO.framework */ = {isa = PBXFileReference; lastKnownFileType = wrapper.framework; name = ImageIO.framework; path = System/Library/Frameworks/ImageIO.framework; sourceTree = SDKROOT; };
		1377411F2052F1530072A3E7 /* libc++.tbd */ = {isa = PBXFileReference; lastKnownFileType = "sourcecode.text-based-dylib-definition"; name = "libc++.tbd"; path = "usr/lib/libc++.tbd"; sourceTree = SDKROOT; };
		137741212052F1590072A3E7 /* libz.tbd */ = {isa = PBXFileReference; lastKnownFileType = "sourcecode.text-based-dylib-definition"; name = libz.tbd; path = usr/lib/libz.tbd; sourceTree = SDKROOT; };
		137741232052F1600072A3E7 /* OpenGLES.framework */ = {isa = PBXFileReference; lastKnownFileType = wrapper.framework; name = OpenGLES.framework; path = System/Library/Frameworks/OpenGLES.framework; sourceTree = SDKROOT; };
		137741252052F1680072A3E7 /* QuartzCore.framework */ = {isa = PBXFileReference; lastKnownFileType = wrapper.framework; name = QuartzCore.framework; path = System/Library/Frameworks/QuartzCore.framework; sourceTree = SDKROOT; };
		137741272052F1730072A3E7 /* SystemConfiguration.framework */ = {isa = PBXFileReference; lastKnownFileType = wrapper.framework; name = SystemConfiguration.framework; path = System/Library/Frameworks/SystemConfiguration.framework; sourceTree = SDKROOT; };
		137741292052F1790072A3E7 /* UIKit.framework */ = {isa = PBXFileReference; lastKnownFileType = wrapper.framework; name = UIKit.framework; path = System/Library/Frameworks/UIKit.framework; sourceTree = SDKROOT; };
		13AF878B2088EFD000E18211 /* style.json */ = {isa = PBXFileReference; lastKnownFileType = text.json; path = style.json; sourceTree = "<group>"; };
		DF5AA60B208B70D70068BA02 /* TutorialController.swift */ = {isa = PBXFileReference; fileEncoding = 4; lastKnownFileType = sourcecode.swift; path = TutorialController.swift; sourceTree = "<group>"; };
		DFCD6B27208A1EF500342345 /* MenuScreen.storyboard */ = {isa = PBXFileReference; fileEncoding = 4; lastKnownFileType = file.storyboard; path = MenuScreen.storyboard; sourceTree = "<group>"; };
		DFEDC528208A41DC00523541 /* TutorialScreen.storyboard */ = {isa = PBXFileReference; fileEncoding = 4; lastKnownFileType = file.storyboard; path = TutorialScreen.storyboard; sourceTree = "<group>"; };
		E70CC824208E8C00004F4CDE /* IndicateLabel.swift */ = {isa = PBXFileReference; fileEncoding = 4; lastKnownFileType = sourcecode.swift; path = IndicateLabel.swift; sourceTree = "<group>"; };
		E7A7F5F8208B6BF0001233FD /* AnimatedBarView.swift */ = {isa = PBXFileReference; fileEncoding = 4; lastKnownFileType = sourcecode.swift; path = AnimatedBarView.swift; sourceTree = "<group>"; };
		E7B4586C208A074200CCC6E6 /* PushButton.swift */ = {isa = PBXFileReference; fileEncoding = 4; lastKnownFileType = sourcecode.swift; path = PushButton.swift; sourceTree = "<group>"; };
		E7B4587B208A16B800CCC6E6 /* HackController.swift */ = {isa = PBXFileReference; fileEncoding = 4; lastKnownFileType = sourcecode.swift; lineEnding = 0; path = HackController.swift; sourceTree = "<group>"; };
		E7DF3D7D2091E973004D15DA /* HackBackground.swift */ = {isa = PBXFileReference; fileEncoding = 4; lastKnownFileType = sourcecode.swift; path = HackBackground.swift; sourceTree = "<group>"; };
/* End PBXFileReference section */

/* Begin PBXFrameworksBuildPhase section */
		137740D02052E9C10072A3E7 /* Frameworks */ = {
			isa = PBXFrameworksBuildPhase;
			buildActionMask = 2147483647;
			files = (
				1377412A2052F1790072A3E7 /* UIKit.framework in Frameworks */,
				137741282052F1730072A3E7 /* SystemConfiguration.framework in Frameworks */,
				137741262052F1680072A3E7 /* QuartzCore.framework in Frameworks */,
				137741242052F1600072A3E7 /* OpenGLES.framework in Frameworks */,
				137741222052F1590072A3E7 /* libz.tbd in Frameworks */,
				137741202052F1530072A3E7 /* libc++.tbd in Frameworks */,
				1377411E2052F1490072A3E7 /* ImageIO.framework in Frameworks */,
				1377411C2052F1440072A3E7 /* GLKit.framework in Frameworks */,
				1377411A2052F13D0072A3E7 /* CoreText.framework in Frameworks */,
				137741182052F1360072A3E7 /* CoreTelephony.framework in Frameworks */,
				137741162052F1300072A3E7 /* CoreLocation.framework in Frameworks */,
				137741142052F12A0072A3E7 /* CoreImage.framework in Frameworks */,
				137741122052F1240072A3E7 /* CoreGraphics.framework in Frameworks */,
				137741102052F11E0072A3E7 /* CoreData.framework in Frameworks */,
				1377410E2052F1170072A3E7 /* Accelerate.framework in Frameworks */,
				137741082052F05D0072A3E7 /* GoogleMaps.framework in Frameworks */,
				137741092052F05D0072A3E7 /* GoogleMapsCore.framework in Frameworks */,
				137741052052F0080072A3E7 /* GoogleMapsBase.framework in Frameworks */,
			);
			runOnlyForDeploymentPostprocessing = 0;
		};
		137740E42052E9C20072A3E7 /* Frameworks */ = {
			isa = PBXFrameworksBuildPhase;
			buildActionMask = 2147483647;
			files = (
			);
			runOnlyForDeploymentPostprocessing = 0;
		};
		137740EF2052E9C20072A3E7 /* Frameworks */ = {
			isa = PBXFrameworksBuildPhase;
			buildActionMask = 2147483647;
			files = (
			);
			runOnlyForDeploymentPostprocessing = 0;
		};
/* End PBXFrameworksBuildPhase section */

/* Begin PBXGroup section */
		137740CA2052E9C10072A3E7 = {
			isa = PBXGroup;
			children = (
				137740D52052E9C10072A3E7 /* NotYourBusiness */,
				137740EA2052E9C20072A3E7 /* NotYourBusinessTests */,
				137740F52052E9C20072A3E7 /* NotYourBusinessUITests */,
				137740D42052E9C10072A3E7 /* Products */,
				1377410C2052F1170072A3E7 /* Frameworks */,
			);
			sourceTree = "<group>";
		};
		137740D42052E9C10072A3E7 /* Products */ = {
			isa = PBXGroup;
			children = (
				137740D32052E9C10072A3E7 /* NotYourBusiness.app */,
				137740E72052E9C20072A3E7 /* NotYourBusinessTests.xctest */,
				137740F22052E9C20072A3E7 /* NotYourBusinessUITests.xctest */,
			);
			name = Products;
			sourceTree = "<group>";
		};
		137740D52052E9C10072A3E7 /* NotYourBusiness */ = {
			isa = PBXGroup;
			children = (
				E7B45876208A0F4900CCC6E6 /* HackScreenComponents */,
				13AF878A2088EF7F00E18211 /* MapStyle */,
				13C34BBB2088CBE600107D4B /* View */,
				13C34BBA2088CBE000107D4B /* Controller */,
				13C34BB92088CBD300107D4B /* Model */,
				1377410A2052F0910072A3E7 /* GoogleMaps.bundle */,
				137740DD2052E9C20072A3E7 /* Assets.xcassets */,
				137741042052F0080072A3E7 /* GoogleMapsBase.framework */,
				137741062052F05D0072A3E7 /* GoogleMaps.framework */,
				137741072052F05D0072A3E7 /* GoogleMapsCore.framework */,
				137740E22052E9C20072A3E7 /* Info.plist */,
			);
			path = NotYourBusiness;
			sourceTree = "<group>";
		};
		137740EA2052E9C20072A3E7 /* NotYourBusinessTests */ = {
			isa = PBXGroup;
			children = (
				137740EB2052E9C20072A3E7 /* NotYourBusinessTests.swift */,
				137740ED2052E9C20072A3E7 /* Info.plist */,
			);
			path = NotYourBusinessTests;
			sourceTree = "<group>";
		};
		137740F52052E9C20072A3E7 /* NotYourBusinessUITests */ = {
			isa = PBXGroup;
			children = (
				137740F62052E9C20072A3E7 /* NotYourBusinessUITests.swift */,
				137740F82052E9C20072A3E7 /* Info.plist */,
			);
			path = NotYourBusinessUITests;
			sourceTree = "<group>";
		};
		1377410C2052F1170072A3E7 /* Frameworks */ = {
			isa = PBXGroup;
			children = (
				137741292052F1790072A3E7 /* UIKit.framework */,
				137741272052F1730072A3E7 /* SystemConfiguration.framework */,
				137741252052F1680072A3E7 /* QuartzCore.framework */,
				137741232052F1600072A3E7 /* OpenGLES.framework */,
				137741212052F1590072A3E7 /* libz.tbd */,
				1377411F2052F1530072A3E7 /* libc++.tbd */,
				1377411D2052F1490072A3E7 /* ImageIO.framework */,
				1377411B2052F1440072A3E7 /* GLKit.framework */,
				137741192052F13D0072A3E7 /* CoreText.framework */,
				137741172052F1360072A3E7 /* CoreTelephony.framework */,
				137741152052F1300072A3E7 /* CoreLocation.framework */,
				137741132052F12A0072A3E7 /* CoreImage.framework */,
				137741112052F1240072A3E7 /* CoreGraphics.framework */,
				1377410F2052F11E0072A3E7 /* CoreData.framework */,
				1377410D2052F1170072A3E7 /* Accelerate.framework */,
			);
			name = Frameworks;
			sourceTree = "<group>";
		};
		13AF878A2088EF7F00E18211 /* MapStyle */ = {
			isa = PBXGroup;
			children = (
				13AF878B2088EFD000E18211 /* style.json */,
			);
			name = MapStyle;
			sourceTree = "<group>";
		};
		13C34BB92088CBD300107D4B /* Model */ = {
			isa = PBXGroup;
			children = (
				137740D62052E9C20072A3E7 /* AppDelegate.swift */,
			);
			name = Model;
			sourceTree = "<group>";
		};
		13C34BBA2088CBE000107D4B /* Controller */ = {
			isa = PBXGroup;
			children = (
				E7B4587B208A16B800CCC6E6 /* HackController.swift */,
				137740D82052E9C20072A3E7 /* MapController.swift */,
				DF5AA60B208B70D70068BA02 /* TutorialController.swift */,
			);
			name = Controller;
			sourceTree = "<group>";
		};
		13C34BBB2088CBE600107D4B /* View */ = {
			isa = PBXGroup;
			children = (
				137740DF2052E9C20072A3E7 /* LaunchScreen.storyboard */,
				137740DA2052E9C20072A3E7 /* MapScreen.storyboard */,
				DFCD6B27208A1EF500342345 /* MenuScreen.storyboard */,
				DFEDC528208A41DC00523541 /* TutorialScreen.storyboard */,
			);
			name = View;
			sourceTree = "<group>";
		};
		E7B45876208A0F4900CCC6E6 /* HackScreenComponents */ = {
			isa = PBXGroup;
			children = (
				E7B4586C208A074200CCC6E6 /* PushButton.swift */,
				E7A7F5F8208B6BF0001233FD /* AnimatedBarView.swift */,
				E70CC824208E8C00004F4CDE /* IndicateLabel.swift */,
				E7DF3D7D2091E973004D15DA /* HackBackground.swift */,
			);
			name = HackScreenComponents;
			sourceTree = "<group>";
		};
/* End PBXGroup section */

/* Begin PBXNativeTarget section */
		137740D22052E9C10072A3E7 /* NotYourBusiness */ = {
			isa = PBXNativeTarget;
			buildConfigurationList = 137740FB2052E9C20072A3E7 /* Build configuration list for PBXNativeTarget "NotYourBusiness" */;
			buildPhases = (
				137740CF2052E9C10072A3E7 /* Sources */,
				137740D02052E9C10072A3E7 /* Frameworks */,
				137740D12052E9C10072A3E7 /* Resources */,
			);
			buildRules = (
			);
			dependencies = (
			);
			name = NotYourBusiness;
			productName = NotYourBusiness;
			productReference = 137740D32052E9C10072A3E7 /* NotYourBusiness.app */;
			productType = "com.apple.product-type.application";
		};
		137740E62052E9C20072A3E7 /* NotYourBusinessTests */ = {
			isa = PBXNativeTarget;
			buildConfigurationList = 137740FE2052E9C20072A3E7 /* Build configuration list for PBXNativeTarget "NotYourBusinessTests" */;
			buildPhases = (
				137740E32052E9C20072A3E7 /* Sources */,
				137740E42052E9C20072A3E7 /* Frameworks */,
				137740E52052E9C20072A3E7 /* Resources */,
			);
			buildRules = (
			);
			dependencies = (
				137740E92052E9C20072A3E7 /* PBXTargetDependency */,
			);
			name = NotYourBusinessTests;
			productName = NotYourBusinessTests;
			productReference = 137740E72052E9C20072A3E7 /* NotYourBusinessTests.xctest */;
			productType = "com.apple.product-type.bundle.unit-test";
		};
		137740F12052E9C20072A3E7 /* NotYourBusinessUITests */ = {
			isa = PBXNativeTarget;
			buildConfigurationList = 137741012052E9C20072A3E7 /* Build configuration list for PBXNativeTarget "NotYourBusinessUITests" */;
			buildPhases = (
				137740EE2052E9C20072A3E7 /* Sources */,
				137740EF2052E9C20072A3E7 /* Frameworks */,
				137740F02052E9C20072A3E7 /* Resources */,
			);
			buildRules = (
			);
			dependencies = (
				137740F42052E9C20072A3E7 /* PBXTargetDependency */,
			);
			name = NotYourBusinessUITests;
			productName = NotYourBusinessUITests;
			productReference = 137740F22052E9C20072A3E7 /* NotYourBusinessUITests.xctest */;
			productType = "com.apple.product-type.bundle.ui-testing";
		};
/* End PBXNativeTarget section */

/* Begin PBXProject section */
		137740CB2052E9C10072A3E7 /* Project object */ = {
			isa = PBXProject;
			attributes = {
				LastSwiftUpdateCheck = 0800;
				LastUpgradeCheck = 0820;
				ORGANIZATIONNAME = "Martin Tsenov [sc14mtt]";
				TargetAttributes = {
					137740D22052E9C10072A3E7 = {
						CreatedOnToolsVersion = 8.0;
						ProvisioningStyle = Automatic;
					};
					137740E62052E9C20072A3E7 = {
						CreatedOnToolsVersion = 8.0;
						ProvisioningStyle = Automatic;
						TestTargetID = 137740D22052E9C10072A3E7;
					};
					137740F12052E9C20072A3E7 = {
						CreatedOnToolsVersion = 8.0;
						ProvisioningStyle = Automatic;
						TestTargetID = 137740D22052E9C10072A3E7;
					};
				};
			};
			buildConfigurationList = 137740CE2052E9C10072A3E7 /* Build configuration list for PBXProject "NotYourBusiness" */;
			compatibilityVersion = "Xcode 3.2";
			developmentRegion = English;
			hasScannedForEncodings = 0;
			knownRegions = (
				en,
				Base,
			);
			mainGroup = 137740CA2052E9C10072A3E7;
			productRefGroup = 137740D42052E9C10072A3E7 /* Products */;
			projectDirPath = "";
			projectRoot = "";
			targets = (
				137740D22052E9C10072A3E7 /* NotYourBusiness */,
				137740E62052E9C20072A3E7 /* NotYourBusinessTests */,
				137740F12052E9C20072A3E7 /* NotYourBusinessUITests */,
			);
		};
/* End PBXProject section */

/* Begin PBXResourcesBuildPhase section */
		137740D12052E9C10072A3E7 /* Resources */ = {
			isa = PBXResourcesBuildPhase;
			buildActionMask = 2147483647;
			files = (
				137740E12052E9C20072A3E7 /* LaunchScreen.storyboard in Resources */,
				137740DE2052E9C20072A3E7 /* Assets.xcassets in Resources */,
				137740DC2052E9C20072A3E7 /* MapScreen.storyboard in Resources */,
				13AF878C2088EFD000E18211 /* style.json in Resources */,
				DFEDC529208A41DC00523541 /* TutorialScreen.storyboard in Resources */,
				DFCD6B28208A1EF500342345 /* MenuScreen.storyboard in Resources */,
				1377410B2052F0910072A3E7 /* GoogleMaps.bundle in Resources */,
			);
			runOnlyForDeploymentPostprocessing = 0;
		};
		137740E52052E9C20072A3E7 /* Resources */ = {
			isa = PBXResourcesBuildPhase;
			buildActionMask = 2147483647;
			files = (
			);
			runOnlyForDeploymentPostprocessing = 0;
		};
		137740F02052E9C20072A3E7 /* Resources */ = {
			isa = PBXResourcesBuildPhase;
			buildActionMask = 2147483647;
			files = (
			);
			runOnlyForDeploymentPostprocessing = 0;
		};
/* End PBXResourcesBuildPhase section */

/* Begin PBXSourcesBuildPhase section */
		137740CF2052E9C10072A3E7 /* Sources */ = {
			isa = PBXSourcesBuildPhase;
			buildActionMask = 2147483647;
			files = (
				137740D92052E9C20072A3E7 /* MapController.swift in Sources */,
				137740D72052E9C20072A3E7 /* AppDelegate.swift in Sources */,
				E7B4587C208A16B800CCC6E6 /* HackController.swift in Sources */,
				E7B4586D208A074200CCC6E6 /* PushButton.swift in Sources */,
				E7A7F5F9208B6BF0001233FD /* AnimatedBarView.swift in Sources */,
				DF5AA60C208B70D70068BA02 /* TutorialController.swift in Sources */,
				E7DF3D7E2091E973004D15DA /* HackBackground.swift in Sources */,
				E70CC825208E8C00004F4CDE /* IndicateLabel.swift in Sources */,
			);
			runOnlyForDeploymentPostprocessing = 0;
		};
		137740E32052E9C20072A3E7 /* Sources */ = {
			isa = PBXSourcesBuildPhase;
			buildActionMask = 2147483647;
			files = (
				137740EC2052E9C20072A3E7 /* NotYourBusinessTests.swift in Sources */,
			);
			runOnlyForDeploymentPostprocessing = 0;
		};
		137740EE2052E9C20072A3E7 /* Sources */ = {
			isa = PBXSourcesBuildPhase;
			buildActionMask = 2147483647;
			files = (
				137740F72052E9C20072A3E7 /* NotYourBusinessUITests.swift in Sources */,
			);
			runOnlyForDeploymentPostprocessing = 0;
		};
/* End PBXSourcesBuildPhase section */

/* Begin PBXTargetDependency section */
		137740E92052E9C20072A3E7 /* PBXTargetDependency */ = {
			isa = PBXTargetDependency;
			target = 137740D22052E9C10072A3E7 /* NotYourBusiness */;
			targetProxy = 137740E82052E9C20072A3E7 /* PBXContainerItemProxy */;
		};
		137740F42052E9C20072A3E7 /* PBXTargetDependency */ = {
			isa = PBXTargetDependency;
			target = 137740D22052E9C10072A3E7 /* NotYourBusiness */;
			targetProxy = 137740F32052E9C20072A3E7 /* PBXContainerItemProxy */;
		};
/* End PBXTargetDependency section */

/* Begin PBXVariantGroup section */
		137740DA2052E9C20072A3E7 /* MapScreen.storyboard */ = {
			isa = PBXVariantGroup;
			children = (
				137740DB2052E9C20072A3E7 /* Base */,
			);
			name = MapScreen.storyboard;
			sourceTree = "<group>";
		};
		137740DF2052E9C20072A3E7 /* LaunchScreen.storyboard */ = {
			isa = PBXVariantGroup;
			children = (
				137740E02052E9C20072A3E7 /* Base */,
			);
			name = LaunchScreen.storyboard;
			sourceTree = "<group>";
		};
/* End PBXVariantGroup section */

/* Begin XCBuildConfiguration section */
		137740F92052E9C20072A3E7 /* Debug */ = {
			isa = XCBuildConfiguration;
			buildSettings = {
				ALWAYS_SEARCH_USER_PATHS = NO;
				CLANG_ANALYZER_NONNULL = YES;
				CLANG_CXX_LANGUAGE_STANDARD = "gnu++0x";
				CLANG_CXX_LIBRARY = "libc++";
				CLANG_ENABLE_MODULES = YES;
				CLANG_ENABLE_OBJC_ARC = YES;
				CLANG_WARN_BOOL_CONVERSION = YES;
				CLANG_WARN_CONSTANT_CONVERSION = YES;
				CLANG_WARN_DIRECT_OBJC_ISA_USAGE = YES_ERROR;
				CLANG_WARN_DOCUMENTATION_COMMENTS = YES;
				CLANG_WARN_EMPTY_BODY = YES;
				CLANG_WARN_ENUM_CONVERSION = YES;
				CLANG_WARN_INFINITE_RECURSION = YES;
				CLANG_WARN_INT_CONVERSION = YES;
				CLANG_WARN_OBJC_ROOT_CLASS = YES_ERROR;
				CLANG_WARN_SUSPICIOUS_MOVE = YES;
				CLANG_WARN_SUSPICIOUS_MOVES = YES;
				CLANG_WARN_UNREACHABLE_CODE = YES;
				CLANG_WARN__DUPLICATE_METHOD_MATCH = YES;
				"CODE_SIGN_IDENTITY[sdk=iphoneos*]" = "iPhone Developer";
				COPY_PHASE_STRIP = NO;
				DEBUG_INFORMATION_FORMAT = dwarf;
				ENABLE_STRICT_OBJC_MSGSEND = YES;
				ENABLE_TESTABILITY = YES;
				GCC_C_LANGUAGE_STANDARD = gnu99;
				GCC_DYNAMIC_NO_PIC = NO;
				GCC_NO_COMMON_BLOCKS = YES;
				GCC_OPTIMIZATION_LEVEL = 0;
				GCC_PREPROCESSOR_DEFINITIONS = (
					"DEBUG=1",
					"$(inherited)",
				);
				GCC_WARN_64_TO_32_BIT_CONVERSION = YES;
				GCC_WARN_ABOUT_RETURN_TYPE = YES_ERROR;
				GCC_WARN_UNDECLARED_SELECTOR = YES;
				GCC_WARN_UNINITIALIZED_AUTOS = YES_AGGRESSIVE;
				GCC_WARN_UNUSED_FUNCTION = YES;
				GCC_WARN_UNUSED_VARIABLE = YES;
				IPHONEOS_DEPLOYMENT_TARGET = 10.0;
				MTL_ENABLE_DEBUG_INFO = YES;
				ONLY_ACTIVE_ARCH = YES;
				SDKROOT = iphoneos;
				SWIFT_ACTIVE_COMPILATION_CONDITIONS = DEBUG;
				SWIFT_OPTIMIZATION_LEVEL = "-Onone";
				TARGETED_DEVICE_FAMILY = "1,2";
			};
			name = Debug;
		};
		137740FA2052E9C20072A3E7 /* Release */ = {
			isa = XCBuildConfiguration;
			buildSettings = {
				ALWAYS_SEARCH_USER_PATHS = NO;
				CLANG_ANALYZER_NONNULL = YES;
				CLANG_CXX_LANGUAGE_STANDARD = "gnu++0x";
				CLANG_CXX_LIBRARY = "libc++";
				CLANG_ENABLE_MODULES = YES;
				CLANG_ENABLE_OBJC_ARC = YES;
				CLANG_WARN_BOOL_CONVERSION = YES;
				CLANG_WARN_CONSTANT_CONVERSION = YES;
				CLANG_WARN_DIRECT_OBJC_ISA_USAGE = YES_ERROR;
				CLANG_WARN_DOCUMENTATION_COMMENTS = YES;
				CLANG_WARN_EMPTY_BODY = YES;
				CLANG_WARN_ENUM_CONVERSION = YES;
				CLANG_WARN_INFINITE_RECURSION = YES;
				CLANG_WARN_INT_CONVERSION = YES;
				CLANG_WARN_OBJC_ROOT_CLASS = YES_ERROR;
				CLANG_WARN_SUSPICIOUS_MOVE = YES;
				CLANG_WARN_SUSPICIOUS_MOVES = YES;
				CLANG_WARN_UNREACHABLE_CODE = YES;
				CLANG_WARN__DUPLICATE_METHOD_MATCH = YES;
				"CODE_SIGN_IDENTITY[sdk=iphoneos*]" = "iPhone Developer";
				COPY_PHASE_STRIP = NO;
				DEBUG_INFORMATION_FORMAT = "dwarf-with-dsym";
				ENABLE_NS_ASSERTIONS = NO;
				ENABLE_STRICT_OBJC_MSGSEND = YES;
				GCC_C_LANGUAGE_STANDARD = gnu99;
				GCC_NO_COMMON_BLOCKS = YES;
				GCC_WARN_64_TO_32_BIT_CONVERSION = YES;
				GCC_WARN_ABOUT_RETURN_TYPE = YES_ERROR;
				GCC_WARN_UNDECLARED_SELECTOR = YES;
				GCC_WARN_UNINITIALIZED_AUTOS = YES_AGGRESSIVE;
				GCC_WARN_UNUSED_FUNCTION = YES;
				GCC_WARN_UNUSED_VARIABLE = YES;
				IPHONEOS_DEPLOYMENT_TARGET = 10.0;
				MTL_ENABLE_DEBUG_INFO = NO;
				SDKROOT = iphoneos;
				SWIFT_OPTIMIZATION_LEVEL = "-Owholemodule";
				TARGETED_DEVICE_FAMILY = "1,2";
				VALIDATE_PRODUCT = YES;
			};
			name = Release;
		};
		137740FC2052E9C20072A3E7 /* Debug */ = {
			isa = XCBuildConfiguration;
			buildSettings = {
				ASSETCATALOG_COMPILER_APPICON_NAME = AppIcon;
				FRAMEWORK_SEARCH_PATHS = (
					"$(inherited)",
					"$(PROJECT_DIR)/NotYourBusiness",
				);
				INFOPLIST_FILE = NotYourBusiness/Info.plist;
				LD_RUNPATH_SEARCH_PATHS = "$(inherited) @executable_path/Frameworks";
				OTHER_LDFLAGS = "-ObjC";
				PRODUCT_BUNDLE_IDENTIFIER = sc14mtt.NotYourBusiness;
				PRODUCT_NAME = "$(TARGET_NAME)";
				SWIFT_VERSION = 3.0;
			};
			name = Debug;
		};
		137740FD2052E9C20072A3E7 /* Release */ = {
			isa = XCBuildConfiguration;
			buildSettings = {
				ASSETCATALOG_COMPILER_APPICON_NAME = AppIcon;
				FRAMEWORK_SEARCH_PATHS = (
					"$(inherited)",
					"$(PROJECT_DIR)/NotYourBusiness",
				);
				INFOPLIST_FILE = NotYourBusiness/Info.plist;
				LD_RUNPATH_SEARCH_PATHS = "$(inherited) @executable_path/Frameworks";
				OTHER_LDFLAGS = "-ObjC";
				PRODUCT_BUNDLE_IDENTIFIER = sc14mtt.NotYourBusiness;
				PRODUCT_NAME = "$(TARGET_NAME)";
				SWIFT_VERSION = 3.0;
			};
			name = Release;
		};
		137740FF2052E9C20072A3E7 /* Debug */ = {
			isa = XCBuildConfiguration;
			buildSettings = {
				ALWAYS_EMBED_SWIFT_STANDARD_LIBRARIES = YES;
				BUNDLE_LOADER = "$(TEST_HOST)";
				INFOPLIST_FILE = NotYourBusinessTests/Info.plist;
				LD_RUNPATH_SEARCH_PATHS = "$(inherited) @executable_path/Frameworks @loader_path/Frameworks";
				PRODUCT_BUNDLE_IDENTIFIER = sc14mtt.NotYourBusinessTests;
				PRODUCT_NAME = "$(TARGET_NAME)";
				SWIFT_VERSION = 3.0;
				TEST_HOST = "$(BUILT_PRODUCTS_DIR)/NotYourBusiness.app/NotYourBusiness";
			};
			name = Debug;
		};
		137741002052E9C20072A3E7 /* Release */ = {
			isa = XCBuildConfiguration;
			buildSettings = {
				ALWAYS_EMBED_SWIFT_STANDARD_LIBRARIES = YES;
				BUNDLE_LOADER = "$(TEST_HOST)";
				INFOPLIST_FILE = NotYourBusinessTests/Info.plist;
				LD_RUNPATH_SEARCH_PATHS = "$(inherited) @executable_path/Frameworks @loader_path/Frameworks";
				PRODUCT_BUNDLE_IDENTIFIER = sc14mtt.NotYourBusinessTests;
				PRODUCT_NAME = "$(TARGET_NAME)";
				SWIFT_VERSION = 3.0;
				TEST_HOST = "$(BUILT_PRODUCTS_DIR)/NotYourBusiness.app/NotYourBusiness";
			};
			name = Release;
		};
		137741022052E9C20072A3E7 /* Debug */ = {
			isa = XCBuildConfiguration;
			buildSettings = {
				ALWAYS_EMBED_SWIFT_STANDARD_LIBRARIES = YES;
				INFOPLIST_FILE = NotYourBusinessUITests/Info.plist;
				LD_RUNPATH_SEARCH_PATHS = "$(inherited) @executable_path/Frameworks @loader_path/Frameworks";
				PRODUCT_BUNDLE_IDENTIFIER = sc14mtt.NotYourBusinessUITests;
				PRODUCT_NAME = "$(TARGET_NAME)";
				SWIFT_VERSION = 3.0;
				TEST_TARGET_NAME = NotYourBusiness;
			};
			name = Debug;
		};
		137741032052E9C20072A3E7 /* Release */ = {
			isa = XCBuildConfiguration;
			buildSettings = {
				ALWAYS_EMBED_SWIFT_STANDARD_LIBRARIES = YES;
				INFOPLIST_FILE = NotYourBusinessUITests/Info.plist;
				LD_RUNPATH_SEARCH_PATHS = "$(inherited) @executable_path/Frameworks @loader_path/Frameworks";
				PRODUCT_BUNDLE_IDENTIFIER = sc14mtt.NotYourBusinessUITests;
				PRODUCT_NAME = "$(TARGET_NAME)";
				SWIFT_VERSION = 3.0;
				TEST_TARGET_NAME = NotYourBusiness;
			};
			name = Release;
		};
/* End XCBuildConfiguration section */

/* Begin XCConfigurationList section */
		137740CE2052E9C10072A3E7 /* Build configuration list for PBXProject "NotYourBusiness" */ = {
			isa = XCConfigurationList;
			buildConfigurations = (
				137740F92052E9C20072A3E7 /* Debug */,
				137740FA2052E9C20072A3E7 /* Release */,
			);
			defaultConfigurationIsVisible = 0;
			defaultConfigurationName = Release;
		};
		137740FB2052E9C20072A3E7 /* Build configuration list for PBXNativeTarget "NotYourBusiness" */ = {
			isa = XCConfigurationList;
			buildConfigurations = (
				137740FC2052E9C20072A3E7 /* Debug */,
				137740FD2052E9C20072A3E7 /* Release */,
			);
			defaultConfigurationIsVisible = 0;
			defaultConfigurationName = Release;
		};
		137740FE2052E9C20072A3E7 /* Build configuration list for PBXNativeTarget "NotYourBusinessTests" */ = {
			isa = XCConfigurationList;
			buildConfigurations = (
				137740FF2052E9C20072A3E7 /* Debug */,
				137741002052E9C20072A3E7 /* Release */,
			);
			defaultConfigurationIsVisible = 0;
			defaultConfigurationName = Release;
		};
		137741012052E9C20072A3E7 /* Build configuration list for PBXNativeTarget "NotYourBusinessUITests" */ = {
			isa = XCConfigurationList;
			buildConfigurations = (
				137741022052E9C20072A3E7 /* Debug */,
				137741032052E9C20072A3E7 /* Release */,
			);
			defaultConfigurationIsVisible = 0;
			defaultConfigurationName = Release;
		};
/* End XCConfigurationList section */
	};
	rootObject = 137740CB2052E9C10072A3E7 /* Project object */;
}
